
Microsoft Visual Studio Solution File, Format Version 12.00
# Visual Studio 2012
Project("{FAE04EC0-301F-11D3-BF4B-00C04F79EFBC}") = "SimpleHttpHandler.Sample", "SimpleHttpHandler.Sample\SimpleHttpHandler.Sample.csproj", "{954DAEDD-0C75-4149-8218-9FDCA9D35099}"
EndProject
Project("{FAE04EC0-301F-11D3-BF4B-00C04F79EFBC}") = "SimpleHttpHandler", "SimpleHttpHandler\SimpleHttpHandler.csproj", "{809F7732-61FA-45E5-91FB-F96B39E1A057}"
EndProject
Project("{2150E333-8FDC-42A3-9474-1A3956D46DE8}") = ".nuget", ".nuget", "{5EB88D11-A77C-457C-8DE2-E670ADA733CC}"
	ProjectSection(SolutionItems) = preProject
		.nuget\NuGet.Config = .nuget\NuGet.Config
		.nuget\NuGet.exe = .nuget\NuGet.exe
		.nuget\NuGet.targets = .nuget\NuGet.targets
	EndProjectSection
EndProject
Project("{FAE04EC0-301F-11D3-BF4B-00C04F79EFBC}") = "SimpleHttpHandler.Test", "SimpleHttpHandler.Test\SimpleHttpHandler.Test.csproj", "{B4E4C9CF-65D5-4ACA-BD5B-1B6B962F690C}"
EndProject
Global
	GlobalSection(SolutionConfigurationPlatforms) = preSolution
		Debug|Any CPU = Debug|Any CPU
		Release|Any CPU = Release|Any CPU
	EndGlobalSection
	GlobalSection(ProjectConfigurationPlatforms) = postSolution
		{954DAEDD-0C75-4149-8218-9FDCA9D35099}.Debug|Any CPU.ActiveCfg = Debug|Any CPU
		{954DAEDD-0C75-4149-8218-9FDCA9D35099}.Debug|Any CPU.Build.0 = Debug|Any CPU
		{954DAEDD-0C75-4149-8218-9FDCA9D35099}.Release|Any CPU.ActiveCfg = Release|Any CPU
		{954DAEDD-0C75-4149-8218-9FDCA9D35099}.Release|Any CPU.Build.0 = Release|Any CPU
		{809F7732-61FA-45E5-91FB-F96B39E1A057}.Debug|Any CPU.ActiveCfg = Debug|Any CPU
		{809F7732-61FA-45E5-91FB-F96B39E1A057}.Debug|Any CPU.Build.0 = Debug|Any CPU
		{809F7732-61FA-45E5-91FB-F96B39E1A057}.Release|Any CPU.ActiveCfg = Release|Any CPU
		{809F7732-61FA-45E5-91FB-F96B39E1A057}.Release|Any CPU.Build.0 = Release|Any CPU
		{B4E4C9CF-65D5-4ACA-BD5B-1B6B962F690C}.Debug|Any CPU.ActiveCfg = Debug|Any CPU
		{B4E4C9CF-65D5-4ACA-BD5B-1B6B962F690C}.Debug|Any CPU.Build.0 = Debug|Any CPU
		{B4E4C9CF-65D5-4ACA-BD5B-1B6B962F690C}.Release|Any CPU.ActiveCfg = Release|Any CPU
		{B4E4C9CF-65D5-4ACA-BD5B-1B6B962F690C}.Release|Any CPU.Build.0 = Release|Any CPU
	EndGlobalSection
	GlobalSection(SolutionProperties) = preSolution
		HideSolutionNode = FALSE
	EndGlobalSection
EndGlobal
